{
  "version": "4",
  "specifiers": {
    "jsr:@std/assert@0.224": "0.224.0",
    "jsr:@std/assert@1": "1.0.12",
    "jsr:@std/csv@*": "1.0.3",
    "jsr:@std/flags@*": "0.224.0",
    "jsr:@std/flags@0.224": "0.224.0",
    "jsr:@std/fs@*": "1.0.16",
    "jsr:@std/fs@^1.0.16": "1.0.16",
    "jsr:@std/internal@^1.0.6": "1.0.6",
    "jsr:@std/path@*": "1.0.8",
    "jsr:@std/path@^1.0.8": "1.0.8",
    "npm:preact-render-to-string@*": "6.2.1_preact@10.15.1",
    "npm:preact-render-to-string@6.2.1": "6.2.1_preact@10.15.1",
    "npm:preact@*": "10.15.1",
    "npm:preact@10.15.1": "10.15.1"
  },
  "jsr": {
    "@std/assert@0.224.0": {
      "integrity": "8643233ec7aec38a940a8264a6e3eed9bfa44e7a71cc6b3c8874213ff401967f"
    },
    "@std/assert@1.0.12": {
      "integrity": "08009f0926dda9cbd8bef3a35d3b6a4b964b0ab5c3e140a4e0351fbf34af5b9a",
      "dependencies": [
        "jsr:@std/internal"
      ]
    },
    "@std/csv@1.0.3": {
      "integrity": "623acf0dcb88d62ba727c3611ad005df7f109ede8cac833e3986f540744562e5"
    },
    "@std/flags@0.224.0": {
      "integrity": "d40eaf58c356b2e1313c6d4e62dc28b614aad2ddae6f5ff72a969e0b1f5ad689",
      "dependencies": [
        "jsr:@std/assert@0.224"
      ]
    },
    "@std/fs@1.0.16": {
      "integrity": "81878f62b6eeda0bf546197fc3daa5327c132fee1273f6113f940784a468b036",
      "dependencies": [
        "jsr:@std/path@^1.0.8"
      ]
    },
    "@std/internal@1.0.6": {
      "integrity": "9533b128f230f73bd209408bb07a4b12f8d4255ab2a4d22a1fd6d87304aca9a4"
    },
    "@std/path@1.0.8": {
      "integrity": "548fa456bb6a04d3c1a1e7477986b6cffbce95102d0bb447c67c4ee70e0364be"
    }
  },
  "npm": {
    "preact-render-to-string@6.2.1_preact@10.15.1": {
      "integrity": "sha512-5t7nFeMUextd53igL3GAakAAMaUD+dVWDHaRYaeh1tbPIjQIBtgJnMw6vf8VS/lviV0ggFtkgebatPxvtJsXyQ==",
      "dependencies": [
        "preact",
        "pretty-format"
      ]
    },
    "preact@10.15.1": {
      "integrity": "sha512-qs2ansoQEwzNiV5eAcRT1p1EC/dmEzaATVDJNiB3g2sRDWdA7b7MurXdJjB2+/WQktGWZwxvDrnuRFbWuIr64g=="
    },
    "pretty-format@3.8.0": {
      "integrity": "sha512-WuxUnVtlWL1OfZFQFuqvnvs6MiAGk9UNsBostyBOB0Is9wb5uRESevA6rnl/rkksXaGX3GzZhPup5d6Vp1nFew=="
    }
  },
  "workspace": {
    "dependencies": [
      "jsr:@std/assert@1",
      "jsr:@std/flags@0.224",
      "jsr:@std/fs@^1.0.16",
      "jsr:@std/path@^1.0.8",
      "npm:preact-render-to-string@6.2.1",
      "npm:preact@10.15.1"
    ]
  }
}
